
Microsoft Visual Studio Solution File, Format Version 12.00
# Visual Studio 15
VisualStudioVersion = 15.0.27004.2010
MinimumVisualStudioVersion = 10.0.40219.1
Project("{FAE04EC0-301F-11D3-BF4B-00C04F79EFBC}") = "ExceptionHandling", "ExceptionHandling\ExceptionHandling.csproj", "{5BC93AD6-2B6B-4BBA-8FE9-9FEBBE3A685D}"
EndProject
Global
	GlobalSection(SolutionConfigurationPlatforms) = preSolution
		Debug|Any CPU = Debug|Any CPU
		Release|Any CPU = Release|Any CPU
	EndGlobalSection
	GlobalSection(ProjectConfigurationPlatforms) = postSolution
		{5BC93AD6-2B6B-4BBA-8FE9-9FEBBE3A685D}.Debug|Any CPU.ActiveCfg = Debug|Any CPU
		{5BC93AD6-2B6B-4BBA-8FE9-9FEBBE3A685D}.Debug|Any CPU.Build.0 = Debug|Any CPU
		{5BC93AD6-2B6B-4BBA-8FE9-9FEBBE3A685D}.Release|Any CPU.ActiveCfg = Release|Any CPU
		{5BC93AD6-2B6B-4BBA-8FE9-9FEBBE3A685D}.Release|Any CPU.Build.0 = Release|Any CPU
	EndGlobalSection
	GlobalSection(SolutionProperties) = preSolution
		HideSolutionNode = FALSE
	EndGlobalSection
	GlobalSection(ExtensibilityGlobals) = postSolution
		SolutionGuid = {24597A4C-EB9A-4DA2-854B-D620B7C74796}
	EndGlobalSection
EndGlobal
